
Microsoft Visual Studio Solution File, Format Version 12.00
# Visual Studio Version 17
VisualStudioVersion = 17.3.32922.545
MinimumVisualStudioVersion = 10.0.40219.1
Project("{FAE04EC0-301F-11D3-BF4B-00C04F79EFBC}") = "Demo.Notes.Client.Desktop", "Demo.Notes.Client.Desktop\Demo.Notes.Client.Desktop.csproj", "{483914BC-7F1E-4A4F-B6EC-8D3101DD5562}"
EndProject
Project("{FAE04EC0-301F-11D3-BF4B-00C04F79EFBC}") = "Demo.Notes.Client.Mobile", "Demo.Notes.Client.Mobile\Demo.Notes.Client.Mobile.csproj", "{A3828262-D226-4AF0-91DF-50F373E35DD2}"
EndProject
Global
	GlobalSection(SolutionConfigurationPlatforms) = preSolution
		Debug|Any CPU = Debug|Any CPU
		Release|Any CPU = Release|Any CPU
	EndGlobalSection
	GlobalSection(ProjectConfigurationPlatforms) = postSolution
		{483914BC-7F1E-4A4F-B6EC-8D3101DD5562}.Debug|Any CPU.ActiveCfg = Debug|Any CPU
		{483914BC-7F1E-4A4F-B6EC-8D3101DD5562}.Debug|Any CPU.Build.0 = Debug|Any CPU
		{483914BC-7F1E-4A4F-B6EC-8D3101DD5562}.Release|Any CPU.ActiveCfg = Release|Any CPU
		{483914BC-7F1E-4A4F-B6EC-8D3101DD5562}.Release|Any CPU.Build.0 = Release|Any CPU
		{A3828262-D226-4AF0-91DF-50F373E35DD2}.Debug|Any CPU.ActiveCfg = Debug|Any CPU
		{A3828262-D226-4AF0-91DF-50F373E35DD2}.Debug|Any CPU.Build.0 = Debug|Any CPU
		{A3828262-D226-4AF0-91DF-50F373E35DD2}.Debug|Any CPU.Deploy.0 = Debug|Any CPU
		{A3828262-D226-4AF0-91DF-50F373E35DD2}.Release|Any CPU.ActiveCfg = Release|Any CPU
		{A3828262-D226-4AF0-91DF-50F373E35DD2}.Release|Any CPU.Build.0 = Release|Any CPU
		{A3828262-D226-4AF0-91DF-50F373E35DD2}.Release|Any CPU.Deploy.0 = Release|Any CPU
	EndGlobalSection
	GlobalSection(SolutionProperties) = preSolution
		HideSolutionNode = FALSE
	EndGlobalSection
	GlobalSection(ExtensibilityGlobals) = postSolution
		SolutionGuid = {9E2AB882-7C5D-4656-8F00-16954ED4A364}
	EndGlobalSection
EndGlobal
